
Microsoft Visual Studio Solution File, Format Version 12.00
# Visual Studio Version 17
VisualStudioVersion = 17.2.32516.85
MinimumVisualStudioVersion = 10.0.40219.1
Project("{FAE04EC0-301F-11D3-BF4B-00C04F79EFBC}") = "IT_ORG_SQLite_RGR_2022", "IT_ORG_SQLite_RGR_2022.csproj", "{E4C8BEE9-6199-456E-A148-604BDA954023}"
EndProject
Global
	GlobalSection(SolutionConfigurationPlatforms) = preSolution
		Debug|Any CPU = Debug|Any CPU
		Release|Any CPU = Release|Any CPU
	EndGlobalSection
	GlobalSection(ProjectConfigurationPlatforms) = postSolution
		{E4C8BEE9-6199-456E-A148-604BDA954023}.Debug|Any CPU.ActiveCfg = Debug|Any CPU
		{E4C8BEE9-6199-456E-A148-604BDA954023}.Debug|Any CPU.Build.0 = Debug|Any CPU
		{E4C8BEE9-6199-456E-A148-604BDA954023}.Release|Any CPU.ActiveCfg = Release|Any CPU
		{E4C8BEE9-6199-456E-A148-604BDA954023}.Release|Any CPU.Build.0 = Release|Any CPU
	EndGlobalSection
	GlobalSection(SolutionProperties) = preSolution
		HideSolutionNode = FALSE
	EndGlobalSection
	GlobalSection(ExtensibilityGlobals) = postSolution
		SolutionGuid = {411E3BC8-8E9E-4DD6-9628-88C49427CCD5}
	EndGlobalSection
EndGlobal
